
Microsoft Visual Studio Solution File, Format Version 12.00
# Visual Studio 14
VisualStudioVersion = 14.0.23107.0
MinimumVisualStudioVersion = 10.0.40219.1
Project("{FAE04EC0-301F-11D3-BF4B-00C04F79EFBC}") = "Map", "Map\Map.csproj", "{541B2D98-03C0-4408-8345-A948274A952F}"
EndProject
Project("{FAE04EC0-301F-11D3-BF4B-00C04F79EFBC}") = "Map.Tests", "Map.Tests\Map.Tests.csproj", "{F145C947-FE42-40ED-A005-D792434A8551}"
EndProject
Global
	GlobalSection(SolutionConfigurationPlatforms) = preSolution
		Debug|Any CPU = Debug|Any CPU
		Release|Any CPU = Release|Any CPU
	EndGlobalSection
	GlobalSection(ProjectConfigurationPlatforms) = postSolution
		{541B2D98-03C0-4408-8345-A948274A952F}.Debug|Any CPU.ActiveCfg = Debug|Any CPU
		{541B2D98-03C0-4408-8345-A948274A952F}.Debug|Any CPU.Build.0 = Debug|Any CPU
		{541B2D98-03C0-4408-8345-A948274A952F}.Release|Any CPU.ActiveCfg = Release|Any CPU
		{541B2D98-03C0-4408-8345-A948274A952F}.Release|Any CPU.Build.0 = Release|Any CPU
		{F145C947-FE42-40ED-A005-D792434A8551}.Debug|Any CPU.ActiveCfg = Debug|Any CPU
		{F145C947-FE42-40ED-A005-D792434A8551}.Debug|Any CPU.Build.0 = Debug|Any CPU
		{F145C947-FE42-40ED-A005-D792434A8551}.Release|Any CPU.ActiveCfg = Release|Any CPU
		{F145C947-FE42-40ED-A005-D792434A8551}.Release|Any CPU.Build.0 = Release|Any CPU
	EndGlobalSection
	GlobalSection(SolutionProperties) = preSolution
		HideSolutionNode = FALSE
	EndGlobalSection
EndGlobal
