
Microsoft Visual Studio Solution File, Format Version 12.00
# Visual Studio 14
VisualStudioVersion = 14.0.23107.0
MinimumVisualStudioVersion = 10.0.40219.1
<<<<<<< HEAD
Project("{FAE04EC0-301F-11D3-BF4B-00C04F79EFBC}") = "LogicalGame", "LogicalGame\LogicalGame.csproj", "{BA2F09DF-E119-4799-8725-CED41BAC1ECB}"
EndProject
Project("{FAE04EC0-301F-11D3-BF4B-00C04F79EFBC}") = "LogicalGame.Test", "LogicalGame.Test\LogicalGame.Test.csproj", "{DE7CC39A-BD41-41C3-BA82-A29F21CB9A12}"
=======
Project("{FAE04EC0-301F-11D3-BF4B-00C04F79EFBC}") = "perso", "perso\perso.csproj", "{5530DBC2-BB31-41AB-9B50-F070D9B4E60B}"
EndProject
Project("{FAE04EC0-301F-11D3-BF4B-00C04F79EFBC}") = "persoTest", "persoTest\persoTest.csproj", "{DBF7C7F3-3F25-4CA9-8FFA-1468EEA5A369}"
>>>>>>> functionality_about_characters
EndProject
Global
	GlobalSection(SolutionConfigurationPlatforms) = preSolution
		Debug|Any CPU = Debug|Any CPU
		Release|Any CPU = Release|Any CPU
	EndGlobalSection
	GlobalSection(ProjectConfigurationPlatforms) = postSolution
<<<<<<< HEAD
		{BA2F09DF-E119-4799-8725-CED41BAC1ECB}.Debug|Any CPU.ActiveCfg = Debug|Any CPU
		{BA2F09DF-E119-4799-8725-CED41BAC1ECB}.Debug|Any CPU.Build.0 = Debug|Any CPU
		{BA2F09DF-E119-4799-8725-CED41BAC1ECB}.Release|Any CPU.ActiveCfg = Release|Any CPU
		{BA2F09DF-E119-4799-8725-CED41BAC1ECB}.Release|Any CPU.Build.0 = Release|Any CPU
		{DE7CC39A-BD41-41C3-BA82-A29F21CB9A12}.Debug|Any CPU.ActiveCfg = Debug|Any CPU
		{DE7CC39A-BD41-41C3-BA82-A29F21CB9A12}.Debug|Any CPU.Build.0 = Debug|Any CPU
		{DE7CC39A-BD41-41C3-BA82-A29F21CB9A12}.Release|Any CPU.ActiveCfg = Release|Any CPU
		{DE7CC39A-BD41-41C3-BA82-A29F21CB9A12}.Release|Any CPU.Build.0 = Release|Any CPU
=======
		{5530DBC2-BB31-41AB-9B50-F070D9B4E60B}.Debug|Any CPU.ActiveCfg = Debug|Any CPU
		{5530DBC2-BB31-41AB-9B50-F070D9B4E60B}.Debug|Any CPU.Build.0 = Debug|Any CPU
		{5530DBC2-BB31-41AB-9B50-F070D9B4E60B}.Release|Any CPU.ActiveCfg = Release|Any CPU
		{5530DBC2-BB31-41AB-9B50-F070D9B4E60B}.Release|Any CPU.Build.0 = Release|Any CPU
		{DBF7C7F3-3F25-4CA9-8FFA-1468EEA5A369}.Debug|Any CPU.ActiveCfg = Debug|Any CPU
		{DBF7C7F3-3F25-4CA9-8FFA-1468EEA5A369}.Debug|Any CPU.Build.0 = Debug|Any CPU
		{DBF7C7F3-3F25-4CA9-8FFA-1468EEA5A369}.Release|Any CPU.ActiveCfg = Release|Any CPU
		{DBF7C7F3-3F25-4CA9-8FFA-1468EEA5A369}.Release|Any CPU.Build.0 = Release|Any CPU
>>>>>>> functionality_about_characters
	EndGlobalSection
	GlobalSection(SolutionProperties) = preSolution
		HideSolutionNode = FALSE
	EndGlobalSection
EndGlobal
